
Microsoft Visual Studio Solution File, Format Version 12.00
# Visual Studio 15
VisualStudioVersion = 15.0.28307.136
MinimumVisualStudioVersion = 10.0.40219.1
Project("{8BC9CEB8-8B4A-11D0-8D11-00A0C91BC942}") = "Pointers", "Pointers\Pointers.vcxproj", "{6DB0E0CA-E933-4742-BBAF-9F44F807E591}"
EndProject
Global
	GlobalSection(SolutionConfigurationPlatforms) = preSolution
		Debug|x64 = Debug|x64
		Debug|x86 = Debug|x86
		Release|x64 = Release|x64
		Release|x86 = Release|x86
	EndGlobalSection
	GlobalSection(ProjectConfigurationPlatforms) = postSolution
		{6DB0E0CA-E933-4742-BBAF-9F44F807E591}.Debug|x64.ActiveCfg = Debug|x64
		{6DB0E0CA-E933-4742-BBAF-9F44F807E591}.Debug|x64.Build.0 = Debug|x64
		{6DB0E0CA-E933-4742-BBAF-9F44F807E591}.Debug|x86.ActiveCfg = Debug|Win32
		{6DB0E0CA-E933-4742-BBAF-9F44F807E591}.Debug|x86.Build.0 = Debug|Win32
		{6DB0E0CA-E933-4742-BBAF-9F44F807E591}.Release|x64.ActiveCfg = Release|x64
		{6DB0E0CA-E933-4742-BBAF-9F44F807E591}.Release|x64.Build.0 = Release|x64
		{6DB0E0CA-E933-4742-BBAF-9F44F807E591}.Release|x86.ActiveCfg = Release|Win32
		{6DB0E0CA-E933-4742-BBAF-9F44F807E591}.Release|x86.Build.0 = Release|Win32
	EndGlobalSection
	GlobalSection(SolutionProperties) = preSolution
		HideSolutionNode = FALSE
	EndGlobalSection
	GlobalSection(ExtensibilityGlobals) = postSolution
		SolutionGuid = {BF4CEC78-4684-46AF-A2C0-05067991B803}
	EndGlobalSection
EndGlobal
